// !$*UTF8*$!
{
	archiveVersion = 1;
	classes = {
	};
	objectVersion = 46;
	objects = {

/* Begin PBXBuildFile section */
		DE0251941C3F675C009C12C5 /* main.m in Sources */ = {isa = PBXBuildFile; fileRef = DE0251931C3F675C009C12C5 /* main.m */; };
		DE0251971C3F675C009C12C5 /* AppDelegate.m in Sources */ = {isa = PBXBuildFile; fileRef = DE0251961C3F675C009C12C5 /* AppDelegate.m */; };
		DE02519A1C3F675C009C12C5 /* ViewController.m in Sources */ = {isa = PBXBuildFile; fileRef = DE0251991C3F675C009C12C5 /* ViewController.m */; };
		DE02519D1C3F675C009C12C5 /* Main.storyboard in Resources */ = {isa = PBXBuildFile; fileRef = DE02519B1C3F675C009C12C5 /* Main.storyboard */; };
		DE02519F1C3F675C009C12C5 /* Assets.xcassets in Resources */ = {isa = PBXBuildFile; fileRef = DE02519E1C3F675C009C12C5 /* Assets.xcassets */; };
		DE0251A21C3F675C009C12C5 /* LaunchScreen.storyboard in Resources */ = {isa = PBXBuildFile; fileRef = DE0251A01C3F675C009C12C5 /* LaunchScreen.storyboard */; };
		DE133FCD1C7AF3A100071BAC /* MJRefreshAutoFooter.m in Sources */ = {isa = PBXBuildFile; fileRef = DE133FA31C7AF3A100071BAC /* MJRefreshAutoFooter.m */; };
		DE133FCE1C7AF3A100071BAC /* MJRefreshBackFooter.m in Sources */ = {isa = PBXBuildFile; fileRef = DE133FA51C7AF3A100071BAC /* MJRefreshBackFooter.m */; };
		DE133FCF1C7AF3A100071BAC /* MJRefreshComponent.m in Sources */ = {isa = PBXBuildFile; fileRef = DE133FA71C7AF3A100071BAC /* MJRefreshComponent.m */; };
		DE133FD01C7AF3A100071BAC /* MJRefreshFooter.m in Sources */ = {isa = PBXBuildFile; fileRef = DE133FA91C7AF3A100071BAC /* MJRefreshFooter.m */; };
		DE133FD11C7AF3A100071BAC /* MJRefreshHeader.m in Sources */ = {isa = PBXBuildFile; fileRef = DE133FAB1C7AF3A100071BAC /* MJRefreshHeader.m */; };
		DE133FD21C7AF3A100071BAC /* MJRefreshAutoGifFooter.m in Sources */ = {isa = PBXBuildFile; fileRef = DE133FB01C7AF3A100071BAC /* MJRefreshAutoGifFooter.m */; };
		DE133FD31C7AF3A100071BAC /* MJRefreshAutoNormalFooter.m in Sources */ = {isa = PBXBuildFile; fileRef = DE133FB21C7AF3A100071BAC /* MJRefreshAutoNormalFooter.m */; };
		DE133FD41C7AF3A100071BAC /* MJRefreshAutoStateFooter.m in Sources */ = {isa = PBXBuildFile; fileRef = DE133FB41C7AF3A100071BAC /* MJRefreshAutoStateFooter.m */; };
		DE133FD51C7AF3A100071BAC /* MJRefreshBackGifFooter.m in Sources */ = {isa = PBXBuildFile; fileRef = DE133FB71C7AF3A100071BAC /* MJRefreshBackGifFooter.m */; };
		DE133FD61C7AF3A100071BAC /* MJRefreshBackNormalFooter.m in Sources */ = {isa = PBXBuildFile; fileRef = DE133FB91C7AF3A100071BAC /* MJRefreshBackNormalFooter.m */; };
		DE133FD71C7AF3A100071BAC /* MJRefreshBackStateFooter.m in Sources */ = {isa = PBXBuildFile; fileRef = DE133FBB1C7AF3A100071BAC /* MJRefreshBackStateFooter.m */; };
		DE133FD81C7AF3A100071BAC /* MJRefreshGifHeader.m in Sources */ = {isa = PBXBuildFile; fileRef = DE133FBE1C7AF3A100071BAC /* MJRefreshGifHeader.m */; };
		DE133FD91C7AF3A100071BAC /* MJRefreshNormalHeader.m in Sources */ = {isa = PBXBuildFile; fileRef = DE133FC01C7AF3A100071BAC /* MJRefreshNormalHeader.m */; };
		DE133FDA1C7AF3A100071BAC /* MJRefreshStateHeader.m in Sources */ = {isa = PBXBuildFile; fileRef = DE133FC21C7AF3A100071BAC /* MJRefreshStateHeader.m */; };
		DE133FDB1C7AF3A100071BAC /* MJRefresh.bundle in Resources */ = {isa = PBXBuildFile; fileRef = DE133FC31C7AF3A100071BAC /* MJRefresh.bundle */; };
		DE133FDC1C7AF3A100071BAC /* MJRefreshConst.m in Sources */ = {isa = PBXBuildFile; fileRef = DE133FC61C7AF3A100071BAC /* MJRefreshConst.m */; };
		DE133FDD1C7AF3A100071BAC /* UIScrollView+MJExtension.m in Sources */ = {isa = PBXBuildFile; fileRef = DE133FC81C7AF3A100071BAC /* UIScrollView+MJExtension.m */; };
		DE133FDE1C7AF3A100071BAC /* UIScrollView+MJRefresh.m in Sources */ = {isa = PBXBuildFile; fileRef = DE133FCA1C7AF3A100071BAC /* UIScrollView+MJRefresh.m */; };
		DE133FDF1C7AF3A100071BAC /* UIView+MJExtension.m in Sources */ = {isa = PBXBuildFile; fileRef = DE133FCC1C7AF3A100071BAC /* UIView+MJExtension.m */; };
		DE133FE31C7AFA8A00071BAC /* SLayoutTableViewController.m in Sources */ = {isa = PBXBuildFile; fileRef = DE133FE21C7AFA8A00071BAC /* SLayoutTableViewController.m */; };
		DE133FE61C7AFAF400071BAC /* BigCellViewController.m in Sources */ = {isa = PBXBuildFile; fileRef = DE133FE51C7AFAF400071BAC /* BigCellViewController.m */; };
/* End PBXBuildFile section */

/* Begin PBXFileReference section */
		DE02518F1C3F675C009C12C5 /* CLTableViewDemo.app */ = {isa = PBXFileReference; explicitFileType = wrapper.application; includeInIndex = 0; path = CLTableViewDemo.app; sourceTree = BUILT_PRODUCTS_DIR; };
		DE0251931C3F675C009C12C5 /* main.m */ = {isa = PBXFileReference; lastKnownFileType = sourcecode.c.objc; path = main.m; sourceTree = "<group>"; };
		DE0251951C3F675C009C12C5 /* AppDelegate.h */ = {isa = PBXFileReference; lastKnownFileType = sourcecode.c.h; path = AppDelegate.h; sourceTree = "<group>"; };
		DE0251961C3F675C009C12C5 /* AppDelegate.m */ = {isa = PBXFileReference; lastKnownFileType = sourcecode.c.objc; path = AppDelegate.m; sourceTree = "<group>"; };
		DE0251981C3F675C009C12C5 /* ViewController.h */ = {isa = PBXFileReference; lastKnownFileType = sourcecode.c.h; path = ViewController.h; sourceTree = "<group>"; };
		DE0251991C3F675C009C12C5 /* ViewController.m */ = {isa = PBXFileReference; lastKnownFileType = sourcecode.c.objc; path = ViewController.m; sourceTree = "<group>"; };
		DE02519C1C3F675C009C12C5 /* Base */ = {isa = PBXFileReference; lastKnownFileType = file.storyboard; name = Base; path = Base.lproj/Main.storyboard; sourceTree = "<group>"; };
		DE02519E1C3F675C009C12C5 /* Assets.xcassets */ = {isa = PBXFileReference; lastKnownFileType = folder.assetcatalog; path = Assets.xcassets; sourceTree = "<group>"; };
		DE0251A11C3F675C009C12C5 /* Base */ = {isa = PBXFileReference; lastKnownFileType = file.storyboard; name = Base; path = Base.lproj/LaunchScreen.storyboard; sourceTree = "<group>"; };
		DE0251A31C3F675C009C12C5 /* Info.plist */ = {isa = PBXFileReference; lastKnownFileType = text.plist.xml; path = Info.plist; sourceTree = "<group>"; };
		DE133FA21C7AF3A100071BAC /* MJRefreshAutoFooter.h */ = {isa = PBXFileReference; fileEncoding = 4; lastKnownFileType = sourcecode.c.h; path = MJRefreshAutoFooter.h; sourceTree = "<group>"; };
		DE133FA31C7AF3A100071BAC /* MJRefreshAutoFooter.m */ = {isa = PBXFileReference; fileEncoding = 4; lastKnownFileType = sourcecode.c.objc; path = MJRefreshAutoFooter.m; sourceTree = "<group>"; };
		DE133FA41C7AF3A100071BAC /* MJRefreshBackFooter.h */ = {isa = PBXFileReference; fileEncoding = 4; lastKnownFileType = sourcecode.c.h; path = MJRefreshBackFooter.h; sourceTree = "<group>"; };
		DE133FA51C7AF3A100071BAC /* MJRefreshBackFooter.m */ = {isa = PBXFileReference; fileEncoding = 4; lastKnownFileType = sourcecode.c.objc; path = MJRefreshBackFooter.m; sourceTree = "<group>"; };
		DE133FA61C7AF3A100071BAC /* MJRefreshComponent.h */ = {isa = PBXFileReference; fileEncoding = 4; lastKnownFileType = sourcecode.c.h; path = MJRefreshComponent.h; sourceTree = "<group>"; };
		DE133FA71C7AF3A100071BAC /* MJRefreshComponent.m */ = {isa = PBXFileReference; fileEncoding = 4; lastKnownFileType = sourcecode.c.objc; path = MJRefreshComponent.m; sourceTree = "<group>"; };
		DE133FA81C7AF3A100071BAC /* MJRefreshFooter.h */ = {isa = PBXFileReference; fileEncoding = 4; lastKnownFileType = sourcecode.c.h; path = MJRefreshFooter.h; sourceTree = "<group>"; };
		DE133FA91C7AF3A100071BAC /* MJRefreshFooter.m */ = {isa = PBXFileReference; fileEncoding = 4; lastKnownFileType = sourcecode.c.objc; path = MJRefreshFooter.m; sourceTree = "<group>"; };
		DE133FAA1C7AF3A100071BAC /* MJRefreshHeader.h */ = {isa = PBXFileReference; fileEncoding = 4; lastKnownFileType = sourcecode.c.h; path = MJRefreshHeader.h; sourceTree = "<group>"; };
		DE133FAB1C7AF3A100071BAC /* MJRefreshHeader.m */ = {isa = PBXFileReference; fileEncoding = 4; lastKnownFileType = sourcecode.c.objc; path = MJRefreshHeader.m; sourceTree = "<group>"; };
		DE133FAF1C7AF3A100071BAC /* MJRefreshAutoGifFooter.h */ = {isa = PBXFileReference; fileEncoding = 4; lastKnownFileType = sourcecode.c.h; path = MJRefreshAutoGifFooter.h; sourceTree = "<group>"; };
		DE133FB01C7AF3A100071BAC /* MJRefreshAutoGifFooter.m */ = {isa = PBXFileReference; fileEncoding = 4; lastKnownFileType = sourcecode.c.objc; path = MJRefreshAutoGifFooter.m; sourceTree = "<group>"; };
		DE133FB11C7AF3A100071BAC /* MJRefreshAutoNormalFooter.h */ = {isa = PBXFileReference; fileEncoding = 4; lastKnownFileType = sourcecode.c.h; path = MJRefreshAutoNormalFooter.h; sourceTree = "<group>"; };
		DE133FB21C7AF3A100071BAC /* MJRefreshAutoNormalFooter.m */ = {isa = PBXFileReference; fileEncoding = 4; lastKnownFileType = sourcecode.c.objc; path = MJRefreshAutoNormalFooter.m; sourceTree = "<group>"; };
		DE133FB31C7AF3A100071BAC /* MJRefreshAutoStateFooter.h */ = {isa = PBXFileReference; fileEncoding = 4; lastKnownFileType = sourcecode.c.h; path = MJRefreshAutoStateFooter.h; sourceTree = "<group>"; };
		DE133FB41C7AF3A100071BAC /* MJRefreshAutoStateFooter.m */ = {isa = PBXFileReference; fileEncoding = 4; lastKnownFileType = sourcecode.c.objc; path = MJRefreshAutoStateFooter.m; sourceTree = "<group>"; };
		DE133FB61C7AF3A100071BAC /* MJRefreshBackGifFooter.h */ = {isa = PBXFileReference; fileEncoding = 4; lastKnownFileType = sourcecode.c.h; path = MJRefreshBackGifFooter.h; sourceTree = "<group>"; };
		DE133FB71C7AF3A100071BAC /* MJRefreshBackGifFooter.m */ = {isa = PBXFileReference; fileEncoding = 4; lastKnownFileType = sourcecode.c.objc; path = MJRefreshBackGifFooter.m; sourceTree = "<group>"; };
		DE133FB81C7AF3A100071BAC /* MJRefreshBackNormalFooter.h */ = {isa = PBXFileReference; fileEncoding = 4; lastKnownFileType = sourcecode.c.h; path = MJRefreshBackNormalFooter.h; sourceTree = "<group>"; };
		DE133FB91C7AF3A100071BAC /* MJRefreshBackNormalFooter.m */ = {isa = PBXFileReference; fileEncoding = 4; lastKnownFileType = sourcecode.c.objc; path = MJRefreshBackNormalFooter.m; sourceTree = "<group>"; };
		DE133FBA1C7AF3A100071BAC /* MJRefreshBackStateFooter.h */ = {isa = PBXFileReference; fileEncoding = 4; lastKnownFileType = sourcecode.c.h; path = MJRefreshBackStateFooter.h; sourceTree = "<group>"; };
		DE133FBB1C7AF3A100071BAC /* MJRefreshBackStateFooter.m */ = {isa = PBXFileReference; fileEncoding = 4; lastKnownFileType = sourcecode.c.objc; path = MJRefreshBackStateFooter.m; sourceTree = "<group>"; };
		DE133FBD1C7AF3A100071BAC /* MJRefreshGifHeader.h */ = {isa = PBXFileReference; fileEncoding = 4; lastKnownFileType = sourcecode.c.h; path = MJRefreshGifHeader.h; sourceTree = "<group>"; };
		DE133FBE1C7AF3A100071BAC /* MJRefreshGifHeader.m */ = {isa = PBXFileReference; fileEncoding = 4; lastKnownFileType = sourcecode.c.objc; path = MJRefreshGifHeader.m; sourceTree = "<group>"; };
		DE133FBF1C7AF3A100071BAC /* MJRefreshNormalHeader.h */ = {isa = PBXFileReference; fileEncoding = 4; lastKnownFileType = sourcecode.c.h; path = MJRefreshNormalHeader.h; sourceTree = "<group>"; };
		DE133FC01C7AF3A100071BAC /* MJRefreshNormalHeader.m */ = {isa = PBXFileReference; fileEncoding = 4; lastKnownFileType = sourcecode.c.objc; path = MJRefreshNormalHeader.m; sourceTree = "<group>"; };
		DE133FC11C7AF3A100071BAC /* MJRefreshStateHeader.h */ = {isa = PBXFileReference; fileEncoding = 4; lastKnownFileType = sourcecode.c.h; path = MJRefreshStateHeader.h; sourceTree = "<group>"; };
		DE133FC21C7AF3A100071BAC /* MJRefreshStateHeader.m */ = {isa = PBXFileReference; fileEncoding = 4; lastKnownFileType = sourcecode.c.objc; path = MJRefreshStateHeader.m; sourceTree = "<group>"; };
		DE133FC31C7AF3A100071BAC /* MJRefresh.bundle */ = {isa = PBXFileReference; lastKnownFileType = "wrapper.plug-in"; path = MJRefresh.bundle; sourceTree = "<group>"; };
		DE133FC41C7AF3A100071BAC /* MJRefresh.h */ = {isa = PBXFileReference; fileEncoding = 4; lastKnownFileType = sourcecode.c.h; path = MJRefresh.h; sourceTree = "<group>"; };
		DE133FC51C7AF3A100071BAC /* MJRefreshConst.h */ = {isa = PBXFileReference; fileEncoding = 4; lastKnownFileType = sourcecode.c.h; path = MJRefreshConst.h; sourceTree = "<group>"; };
		DE133FC61C7AF3A100071BAC /* MJRefreshConst.m */ = {isa = PBXFileReference; fileEncoding = 4; lastKnownFileType = sourcecode.c.objc; path = MJRefreshConst.m; sourceTree = "<group>"; };
		DE133FC71C7AF3A100071BAC /* UIScrollView+MJExtension.h */ = {isa = PBXFileReference; fileEncoding = 4; lastKnownFileType = sourcecode.c.h; path = "UIScrollView+MJExtension.h"; sourceTree = "<group>"; };
		DE133FC81C7AF3A100071BAC /* UIScrollView+MJExtension.m */ = {isa = PBXFileReference; fileEncoding = 4; lastKnownFileType = sourcecode.c.objc; path = "UIScrollView+MJExtension.m"; sourceTree = "<group>"; };
		DE133FC91C7AF3A100071BAC /* UIScrollView+MJRefresh.h */ = {isa = PBXFileReference; fileEncoding = 4; lastKnownFileType = sourcecode.c.h; path = "UIScrollView+MJRefresh.h"; sourceTree = "<group>"; };
		DE133FCA1C7AF3A100071BAC /* UIScrollView+MJRefresh.m */ = {isa = PBXFileReference; fileEncoding = 4; lastKnownFileType = sourcecode.c.objc; path = "UIScrollView+MJRefresh.m"; sourceTree = "<group>"; };
		DE133FCB1C7AF3A100071BAC /* UIView+MJExtension.h */ = {isa = PBXFileReference; fileEncoding = 4; lastKnownFileType = sourcecode.c.h; path = "UIView+MJExtension.h"; sourceTree = "<group>"; };
		DE133FCC1C7AF3A100071BAC /* UIView+MJExtension.m */ = {isa = PBXFileReference; fileEncoding = 4; lastKnownFileType = sourcecode.c.objc; path = "UIView+MJExtension.m"; sourceTree = "<group>"; };
		DE133FE11C7AFA8A00071BAC /* SLayoutTableViewController.h */ = {isa = PBXFileReference; fileEncoding = 4; lastKnownFileType = sourcecode.c.h; path = SLayoutTableViewController.h; sourceTree = "<group>"; };
		DE133FE21C7AFA8A00071BAC /* SLayoutTableViewController.m */ = {isa = PBXFileReference; fileEncoding = 4; lastKnownFileType = sourcecode.c.objc; path = SLayoutTableViewController.m; sourceTree = "<group>"; };
		DE133FE41C7AFAF400071BAC /* BigCellViewController.h */ = {isa = PBXFileReference; fileEncoding = 4; lastKnownFileType = sourcecode.c.h; path = BigCellViewController.h; sourceTree = "<group>"; };
		DE133FE51C7AFAF400071BAC /* BigCellViewController.m */ = {isa = PBXFileReference; fileEncoding = 4; lastKnownFileType = sourcecode.c.objc; path = BigCellViewController.m; sourceTree = "<group>"; };
/* End PBXFileReference section */

/* Begin PBXFrameworksBuildPhase section */
		DE02518C1C3F675C009C12C5 /* Frameworks */ = {
			isa = PBXFrameworksBuildPhase;
			buildActionMask = 2147483647;
			files = (
			);
			runOnlyForDeploymentPostprocessing = 0;
		};
/* End PBXFrameworksBuildPhase section */

/* Begin PBXGroup section */
		DE0251861C3F675C009C12C5 = {
			isa = PBXGroup;
			children = (
				DE133FE01C7AF3AA00071BAC /* ThirdLibrary */,
				DE0251911C3F675C009C12C5 /* CLTableViewDemo */,
				DE0251901C3F675C009C12C5 /* Products */,
			);
			sourceTree = "<group>";
		};
		DE0251901C3F675C009C12C5 /* Products */ = {
			isa = PBXGroup;
			children = (
				DE02518F1C3F675C009C12C5 /* CLTableViewDemo.app */,
			);
			name = Products;
			sourceTree = "<group>";
		};
		DE0251911C3F675C009C12C5 /* CLTableViewDemo */ = {
			isa = PBXGroup;
			children = (
				DE0251951C3F675C009C12C5 /* AppDelegate.h */,
				DE0251961C3F675C009C12C5 /* AppDelegate.m */,
				DE0251981C3F675C009C12C5 /* ViewController.h */,
				DE0251991C3F675C009C12C5 /* ViewController.m */,
				DE02519B1C3F675C009C12C5 /* Main.storyboard */,
				DE02519E1C3F675C009C12C5 /* Assets.xcassets */,
				DE0251A01C3F675C009C12C5 /* LaunchScreen.storyboard */,
				DE0251A31C3F675C009C12C5 /* Info.plist */,
				DE0251921C3F675C009C12C5 /* Supporting Files */,
				DE133FE11C7AFA8A00071BAC /* SLayoutTableViewController.h */,
				DE133FE21C7AFA8A00071BAC /* SLayoutTableViewController.m */,
				DE133FE41C7AFAF400071BAC /* BigCellViewController.h */,
				DE133FE51C7AFAF400071BAC /* BigCellViewController.m */,
			);
			path = CLTableViewDemo;
			sourceTree = "<group>";
		};
		DE0251921C3F675C009C12C5 /* Supporting Files */ = {
			isa = PBXGroup;
			children = (
				DE0251931C3F675C009C12C5 /* main.m */,
			);
			name = "Supporting Files";
			sourceTree = "<group>";
		};
		DE133FA01C7AF3A100071BAC /* MJRefresh */ = {
			isa = PBXGroup;
			children = (
				DE133FA11C7AF3A100071BAC /* Base */,
				DE133FAC1C7AF3A100071BAC /* Custom */,
				DE133FC31C7AF3A100071BAC /* MJRefresh.bundle */,
				DE133FC41C7AF3A100071BAC /* MJRefresh.h */,
				DE133FC51C7AF3A100071BAC /* MJRefreshConst.h */,
				DE133FC61C7AF3A100071BAC /* MJRefreshConst.m */,
				DE133FC71C7AF3A100071BAC /* UIScrollView+MJExtension.h */,
				DE133FC81C7AF3A100071BAC /* UIScrollView+MJExtension.m */,
				DE133FC91C7AF3A100071BAC /* UIScrollView+MJRefresh.h */,
				DE133FCA1C7AF3A100071BAC /* UIScrollView+MJRefresh.m */,
				DE133FCB1C7AF3A100071BAC /* UIView+MJExtension.h */,
				DE133FCC1C7AF3A100071BAC /* UIView+MJExtension.m */,
			);
			path = MJRefresh;
			sourceTree = "<group>";
		};
		DE133FA11C7AF3A100071BAC /* Base */ = {
			isa = PBXGroup;
			children = (
				DE133FA21C7AF3A100071BAC /* MJRefreshAutoFooter.h */,
				DE133FA31C7AF3A100071BAC /* MJRefreshAutoFooter.m */,
				DE133FA41C7AF3A100071BAC /* MJRefreshBackFooter.h */,
				DE133FA51C7AF3A100071BAC /* MJRefreshBackFooter.m */,
				DE133FA61C7AF3A100071BAC /* MJRefreshComponent.h */,
				DE133FA71C7AF3A100071BAC /* MJRefreshComponent.m */,
				DE133FA81C7AF3A100071BAC /* MJRefreshFooter.h */,
				DE133FA91C7AF3A100071BAC /* MJRefreshFooter.m */,
				DE133FAA1C7AF3A100071BAC /* MJRefreshHeader.h */,
				DE133FAB1C7AF3A100071BAC /* MJRefreshHeader.m */,
			);
			path = Base;
			sourceTree = "<group>";
		};
		DE133FAC1C7AF3A100071BAC /* Custom */ = {
			isa = PBXGroup;
			children = (
				DE133FAD1C7AF3A100071BAC /* Footer */,
				DE133FBC1C7AF3A100071BAC /* Header */,
			);
			path = Custom;
			sourceTree = "<group>";
		};
		DE133FAD1C7AF3A100071BAC /* Footer */ = {
			isa = PBXGroup;
			children = (
				DE133FAE1C7AF3A100071BAC /* Auto */,
				DE133FB51C7AF3A100071BAC /* Back */,
			);
			path = Footer;
			sourceTree = "<group>";
		};
		DE133FAE1C7AF3A100071BAC /* Auto */ = {
			isa = PBXGroup;
			children = (
				DE133FAF1C7AF3A100071BAC /* MJRefreshAutoGifFooter.h */,
				DE133FB01C7AF3A100071BAC /* MJRefreshAutoGifFooter.m */,
				DE133FB11C7AF3A100071BAC /* MJRefreshAutoNormalFooter.h */,
				DE133FB21C7AF3A100071BAC /* MJRefreshAutoNormalFooter.m */,
				DE133FB31C7AF3A100071BAC /* MJRefreshAutoStateFooter.h */,
				DE133FB41C7AF3A100071BAC /* MJRefreshAutoStateFooter.m */,
			);
			path = Auto;
			sourceTree = "<group>";
		};
		DE133FB51C7AF3A100071BAC /* Back */ = {
			isa = PBXGroup;
			children = (
				DE133FB61C7AF3A100071BAC /* MJRefreshBackGifFooter.h */,
				DE133FB71C7AF3A100071BAC /* MJRefreshBackGifFooter.m */,
				DE133FB81C7AF3A100071BAC /* MJRefreshBackNormalFooter.h */,
				DE133FB91C7AF3A100071BAC /* MJRefreshBackNormalFooter.m */,
				DE133FBA1C7AF3A100071BAC /* MJRefreshBackStateFooter.h */,
				DE133FBB1C7AF3A100071BAC /* MJRefreshBackStateFooter.m */,
			);
			path = Back;
			sourceTree = "<group>";
		};
		DE133FBC1C7AF3A100071BAC /* Header */ = {
			isa = PBXGroup;
			children = (
				DE133FBD1C7AF3A100071BAC /* MJRefreshGifHeader.h */,
				DE133FBE1C7AF3A100071BAC /* MJRefreshGifHeader.m */,
				DE133FBF1C7AF3A100071BAC /* MJRefreshNormalHeader.h */,
				DE133FC01C7AF3A100071BAC /* MJRefreshNormalHeader.m */,
				DE133FC11C7AF3A100071BAC /* MJRefreshStateHeader.h */,
				DE133FC21C7AF3A100071BAC /* MJRefreshStateHeader.m */,
			);
			path = Header;
			sourceTree = "<group>";
		};
		DE133FE01C7AF3AA00071BAC /* ThirdLibrary */ = {
			isa = PBXGroup;
			children = (
				DE133FA01C7AF3A100071BAC /* MJRefresh */,
			);
			name = ThirdLibrary;
			sourceTree = "<group>";
		};
/* End PBXGroup section */

/* Begin PBXNativeTarget section */
		DE02518E1C3F675C009C12C5 /* CLTableViewDemo */ = {
			isa = PBXNativeTarget;
			buildConfigurationList = DE0251A61C3F675C009C12C5 /* Build configuration list for PBXNativeTarget "CLTableViewDemo" */;
			buildPhases = (
				DE02518B1C3F675C009C12C5 /* Sources */,
				DE02518C1C3F675C009C12C5 /* Frameworks */,
				DE02518D1C3F675C009C12C5 /* Resources */,
			);
			buildRules = (
			);
			dependencies = (
			);
			name = CLTableViewDemo;
			productName = CLTableViewDemo;
			productReference = DE02518F1C3F675C009C12C5 /* CLTableViewDemo.app */;
			productType = "com.apple.product-type.application";
		};
/* End PBXNativeTarget section */

/* Begin PBXProject section */
		DE0251871C3F675C009C12C5 /* Project object */ = {
			isa = PBXProject;
			attributes = {
				LastUpgradeCheck = 0700;
				ORGANIZATIONNAME = chenlongjian;
				TargetAttributes = {
					DE02518E1C3F675C009C12C5 = {
						CreatedOnToolsVersion = 7.0.1;
					};
				};
			};
			buildConfigurationList = DE02518A1C3F675C009C12C5 /* Build configuration list for PBXProject "CLTableViewDemo" */;
			compatibilityVersion = "Xcode 3.2";
			developmentRegion = English;
			hasScannedForEncodings = 0;
			knownRegions = (
				en,
				Base,
			);
			mainGroup = DE0251861C3F675C009C12C5;
			productRefGroup = DE0251901C3F675C009C12C5 /* Products */;
			projectDirPath = "";
			projectRoot = "";
			targets = (
				DE02518E1C3F675C009C12C5 /* CLTableViewDemo */,
			);
		};
/* End PBXProject section */

/* Begin PBXResourcesBuildPhase section */
		DE02518D1C3F675C009C12C5 /* Resources */ = {
			isa = PBXResourcesBuildPhase;
			buildActionMask = 2147483647;
			files = (
				DE0251A21C3F675C009C12C5 /* LaunchScreen.storyboard in Resources */,
				DE02519F1C3F675C009C12C5 /* Assets.xcassets in Resources */,
				DE133FDB1C7AF3A100071BAC /* MJRefresh.bundle in Resources */,
				DE02519D1C3F675C009C12C5 /* Main.storyboard in Resources */,
			);
			runOnlyForDeploymentPostprocessing = 0;
		};
/* End PBXResourcesBuildPhase section */

/* Begin PBXSourcesBuildPhase section */
		DE02518B1C3F675C009C12C5 /* Sources */ = {
			isa = PBXSourcesBuildPhase;
			buildActionMask = 2147483647;
			files = (
				DE02519A1C3F675C009C12C5 /* ViewController.m in Sources */,
				DE133FD31C7AF3A100071BAC /* MJRefreshAutoNormalFooter.m in Sources */,
				DE133FD21C7AF3A100071BAC /* MJRefreshAutoGifFooter.m in Sources */,
				DE133FD81C7AF3A100071BAC /* MJRefreshGifHeader.m in Sources */,
				DE0251971C3F675C009C12C5 /* AppDelegate.m in Sources */,
				DE133FCF1C7AF3A100071BAC /* MJRefreshComponent.m in Sources */,
				DE133FD11C7AF3A100071BAC /* MJRefreshHeader.m in Sources */,
				DE133FD71C7AF3A100071BAC /* MJRefreshBackStateFooter.m in Sources */,
				DE133FDE1C7AF3A100071BAC /* UIScrollView+MJRefresh.m in Sources */,
				DE133FDD1C7AF3A100071BAC /* UIScrollView+MJExtension.m in Sources */,
				DE133FDF1C7AF3A100071BAC /* UIView+MJExtension.m in Sources */,
				DE133FCD1C7AF3A100071BAC /* MJRefreshAutoFooter.m in Sources */,
				DE133FD51C7AF3A100071BAC /* MJRefreshBackGifFooter.m in Sources */,
				DE133FE31C7AFA8A00071BAC /* SLayoutTableViewController.m in Sources */,
				DE133FD91C7AF3A100071BAC /* MJRefreshNormalHeader.m in Sources */,
				DE133FD41C7AF3A100071BAC /* MJRefreshAutoStateFooter.m in Sources */,
				DE133FCE1C7AF3A100071BAC /* MJRefreshBackFooter.m in Sources */,
				DE133FE61C7AFAF400071BAC /* BigCellViewController.m in Sources */,
				DE0251941C3F675C009C12C5 /* main.m in Sources */,
				DE133FDC1C7AF3A100071BAC /* MJRefreshConst.m in Sources */,
				DE133FD61C7AF3A100071BAC /* MJRefreshBackNormalFooter.m in Sources */,
				DE133FDA1C7AF3A100071BAC /* MJRefreshStateHeader.m in Sources */,
				DE133FD01C7AF3A100071BAC /* MJRefreshFooter.m in Sources */,
			);
			runOnlyForDeploymentPostprocessing = 0;
		};
/* End PBXSourcesBuildPhase section */

/* Begin PBXVariantGroup section */
		DE02519B1C3F675C009C12C5 /* Main.storyboard */ = {
			isa = PBXVariantGroup;
			children = (
				DE02519C1C3F675C009C12C5 /* Base */,
			);
			name = Main.storyboard;
			sourceTree = "<group>";
		};
		DE0251A01C3F675C009C12C5 /* LaunchScreen.storyboard */ = {
			isa = PBXVariantGroup;
			children = (
				DE0251A11C3F675C009C12C5 /* Base */,
			);
			name = LaunchScreen.storyboard;
			sourceTree = "<group>";
		};
/* End PBXVariantGroup section */

/* Begin XCBuildConfiguration section */
		DE0251A41C3F675C009C12C5 /* Debug */ = {
			isa = XCBuildConfiguration;
			buildSettings = {
				ALWAYS_SEARCH_USER_PATHS = NO;
				CLANG_CXX_LANGUAGE_STANDARD = "gnu++0x";
				CLANG_CXX_LIBRARY = "libc++";
				CLANG_ENABLE_MODULES = YES;
				CLANG_ENABLE_OBJC_ARC = YES;
				CLANG_WARN_BOOL_CONVERSION = YES;
				CLANG_WARN_CONSTANT_CONVERSION = YES;
				CLANG_WARN_DIRECT_OBJC_ISA_USAGE = YES_ERROR;
				CLANG_WARN_EMPTY_BODY = YES;
				CLANG_WARN_ENUM_CONVERSION = YES;
				CLANG_WARN_INT_CONVERSION = YES;
				CLANG_WARN_OBJC_ROOT_CLASS = YES_ERROR;
				CLANG_WARN_UNREACHABLE_CODE = YES;
				CLANG_WARN__DUPLICATE_METHOD_MATCH = YES;
				"CODE_SIGN_IDENTITY[sdk=iphoneos*]" = "iPhone Developer";
				COPY_PHASE_STRIP = NO;
				DEBUG_INFORMATION_FORMAT = dwarf;
				ENABLE_STRICT_OBJC_MSGSEND = YES;
				ENABLE_TESTABILITY = YES;
				GCC_C_LANGUAGE_STANDARD = gnu99;
				GCC_DYNAMIC_NO_PIC = NO;
				GCC_NO_COMMON_BLOCKS = YES;
				GCC_OPTIMIZATION_LEVEL = 0;
				GCC_PREPROCESSOR_DEFINITIONS = (
					"DEBUG=1",
					"$(inherited)",
				);
				GCC_WARN_64_TO_32_BIT_CONVERSION = YES;
				GCC_WARN_ABOUT_RETURN_TYPE = YES_ERROR;
				GCC_WARN_UNDECLARED_SELECTOR = YES;
				GCC_WARN_UNINITIALIZED_AUTOS = YES_AGGRESSIVE;
				GCC_WARN_UNUSED_FUNCTION = YES;
				GCC_WARN_UNUSED_VARIABLE = YES;
				IPHONEOS_DEPLOYMENT_TARGET = 9.0;
				MTL_ENABLE_DEBUG_INFO = YES;
				ONLY_ACTIVE_ARCH = YES;
				SDKROOT = iphoneos;
			};
			name = Debug;
		};
		DE0251A51C3F675C009C12C5 /* Release */ = {
			isa = XCBuildConfiguration;
			buildSettings = {
				ALWAYS_SEARCH_USER_PATHS = NO;
				CLANG_CXX_LANGUAGE_STANDARD = "gnu++0x";
				CLANG_CXX_LIBRARY = "libc++";
				CLANG_ENABLE_MODULES = YES;
				CLANG_ENABLE_OBJC_ARC = YES;
				CLANG_WARN_BOOL_CONVERSION = YES;
				CLANG_WARN_CONSTANT_CONVERSION = YES;
				CLANG_WARN_DIRECT_OBJC_ISA_USAGE = YES_ERROR;
				CLANG_WARN_EMPTY_BODY = YES;
				CLANG_WARN_ENUM_CONVERSION = YES;
				CLANG_WARN_INT_CONVERSION = YES;
				CLANG_WARN_OBJC_ROOT_CLASS = YES_ERROR;
				CLANG_WARN_UNREACHABLE_CODE = YES;
				CLANG_WARN__DUPLICATE_METHOD_MATCH = YES;
				"CODE_SIGN_IDENTITY[sdk=iphoneos*]" = "iPhone Developer";
				COPY_PHASE_STRIP = NO;
				DEBUG_INFORMATION_FORMAT = "dwarf-with-dsym";
				ENABLE_NS_ASSERTIONS = NO;
				ENABLE_STRICT_OBJC_MSGSEND = YES;
				GCC_C_LANGUAGE_STANDARD = gnu99;
				GCC_NO_COMMON_BLOCKS = YES;
				GCC_WARN_64_TO_32_BIT_CONVERSION = YES;
				GCC_WARN_ABOUT_RETURN_TYPE = YES_ERROR;
				GCC_WARN_UNDECLARED_SELECTOR = YES;
				GCC_WARN_UNINITIALIZED_AUTOS = YES_AGGRESSIVE;
				GCC_WARN_UNUSED_FUNCTION = YES;
				GCC_WARN_UNUSED_VARIABLE = YES;
				IPHONEOS_DEPLOYMENT_TARGET = 9.0;
				MTL_ENABLE_DEBUG_INFO = NO;
				SDKROOT = iphoneos;
				VALIDATE_PRODUCT = YES;
			};
			name = Release;
		};
		DE0251A71C3F675C009C12C5 /* Debug */ = {
			isa = XCBuildConfiguration;
			buildSettings = {
				ASSETCATALOG_COMPILER_APPICON_NAME = AppIcon;
				INFOPLIST_FILE = CLTableViewDemo/Info.plist;
				LD_RUNPATH_SEARCH_PATHS = "$(inherited) @executable_path/Frameworks";
				PRODUCT_BUNDLE_IDENTIFIER = chenlongjian.CLTableViewDemo;
				PRODUCT_NAME = "$(TARGET_NAME)";
			};
			name = Debug;
		};
		DE0251A81C3F675C009C12C5 /* Release */ = {
			isa = XCBuildConfiguration;
			buildSettings = {
				ASSETCATALOG_COMPILER_APPICON_NAME = AppIcon;
				INFOPLIST_FILE = CLTableViewDemo/Info.plist;
				LD_RUNPATH_SEARCH_PATHS = "$(inherited) @executable_path/Frameworks";
				PRODUCT_BUNDLE_IDENTIFIER = chenlongjian.CLTableViewDemo;
				PRODUCT_NAME = "$(TARGET_NAME)";
			};
			name = Release;
		};
/* End XCBuildConfiguration section */

/* Begin XCConfigurationList section */
		DE02518A1C3F675C009C12C5 /* Build configuration list for PBXProject "CLTableViewDemo" */ = {
			isa = XCConfigurationList;
			buildConfigurations = (
				DE0251A41C3F675C009C12C5 /* Debug */,
				DE0251A51C3F675C009C12C5 /* Release */,
			);
			defaultConfigurationIsVisible = 0;
			defaultConfigurationName = Release;
		};
		DE0251A61C3F675C009C12C5 /* Build configuration list for PBXNativeTarget "CLTableViewDemo" */ = {
			isa = XCConfigurationList;
			buildConfigurations = (
				DE0251A71C3F675C009C12C5 /* Debug */,
				DE0251A81C3F675C009C12C5 /* Release */,
			);
			defaultConfigurationIsVisible = 0;
			defaultConfigurationName = Release;
		};
/* End XCConfigurationList section */
	};
	rootObject = DE0251871C3F675C009C12C5 /* Project object */;
}
